
Microsoft Visual Studio Solution File, Format Version 12.00
# Visual Studio Version 17
VisualStudioVersion = 17.9.34701.34
MinimumVisualStudioVersion = 10.0.40219.1
Project("{FAE04EC0-301F-11D3-BF4B-00C04F79EFBC}") = "WalkinPortalAPI", "WalkinPortalAPI\WalkinPortalAPI.csproj", "{EEB0CFED-3500-4514-82B5-DDA6815DAC85}"
EndProject
Global
	GlobalSection(SolutionConfigurationPlatforms) = preSolution
		Debug|Any CPU = Debug|Any CPU
		Release|Any CPU = Release|Any CPU
	EndGlobalSection
	GlobalSection(ProjectConfigurationPlatforms) = postSolution
		{EEB0CFED-3500-4514-82B5-DDA6815DAC85}.Debug|Any CPU.ActiveCfg = Debug|Any CPU
		{EEB0CFED-3500-4514-82B5-DDA6815DAC85}.Debug|Any CPU.Build.0 = Debug|Any CPU
		{EEB0CFED-3500-4514-82B5-DDA6815DAC85}.Release|Any CPU.ActiveCfg = Release|Any CPU
		{EEB0CFED-3500-4514-82B5-DDA6815DAC85}.Release|Any CPU.Build.0 = Release|Any CPU
	EndGlobalSection
	GlobalSection(SolutionProperties) = preSolution
		HideSolutionNode = FALSE
	EndGlobalSection
	GlobalSection(ExtensibilityGlobals) = postSolution
		SolutionGuid = {F2D4E57E-7BC0-42D9-8A0B-1516DBF46382}
	EndGlobalSection
EndGlobal
